// !$*UTF8*$!
{
	archiveVersion = 1;
	classes = {
	};
	objectVersion = 46;
	objects = {

/* Begin PBXBuildFile section */
		9FAFB3361B87CB9800C6BA00 /* main.m in Sources */ = {isa = PBXBuildFile; fileRef = 9FAFB3351B87CB9800C6BA00 /* main.m */; };
		9FAFB3391B87CB9800C6BA00 /* AppDelegate.m in Sources */ = {isa = PBXBuildFile; fileRef = 9FAFB3381B87CB9800C6BA00 /* AppDelegate.m */; };
		9FAFB33C1B87CB9800C6BA00 /* iTuner.xcdatamodeld in Sources */ = {isa = PBXBuildFile; fileRef = 9FAFB33A1B87CB9800C6BA00 /* iTuner.xcdatamodeld */; };
		9FAFB3421B87CB9800C6BA00 /* Main.storyboard in Resources */ = {isa = PBXBuildFile; fileRef = 9FAFB3401B87CB9800C6BA00 /* Main.storyboard */; };
		9FAFB3441B87CB9900C6BA00 /* Images.xcassets in Resources */ = {isa = PBXBuildFile; fileRef = 9FAFB3431B87CB9900C6BA00 /* Images.xcassets */; };
		9FAFB3471B87CB9900C6BA00 /* LaunchScreen.xib in Resources */ = {isa = PBXBuildFile; fileRef = 9FAFB3451B87CB9900C6BA00 /* LaunchScreen.xib */; };
		9FAFB3531B87CB9900C6BA00 /* iTunerTests.m in Sources */ = {isa = PBXBuildFile; fileRef = 9FAFB3521B87CB9900C6BA00 /* iTunerTests.m */; };
		9FAFB35F1B87CDBF00C6BA00 /* SongListTableViewController.m in Sources */ = {isa = PBXBuildFile; fileRef = 9FAFB35E1B87CDBF00C6BA00 /* SongListTableViewController.m */; };
		9FAFB3631B87D01200C6BA00 /* MusicDetailViewController.m in Sources */ = {isa = PBXBuildFile; fileRef = 9FAFB3621B87D01200C6BA00 /* MusicDetailViewController.m */; };
		9FAFB36A1B87D9B000C6BA00 /* musicSearchViewController.m in Sources */ = {isa = PBXBuildFile; fileRef = 9FAFB3691B87D9B000C6BA00 /* musicSearchViewController.m */; };
/* End PBXBuildFile section */

/* Begin PBXContainerItemProxy section */
		9FAFB34D1B87CB9900C6BA00 /* PBXContainerItemProxy */ = {
			isa = PBXContainerItemProxy;
			containerPortal = 9FAFB3281B87CB9800C6BA00 /* Project object */;
			proxyType = 1;
			remoteGlobalIDString = 9FAFB32F1B87CB9800C6BA00;
			remoteInfo = iTuner;
		};
/* End PBXContainerItemProxy section */

/* Begin PBXFileReference section */
		9FAFB3301B87CB9800C6BA00 /* iTuner.app */ = {isa = PBXFileReference; explicitFileType = wrapper.application; includeInIndex = 0; path = iTuner.app; sourceTree = BUILT_PRODUCTS_DIR; };
		9FAFB3341B87CB9800C6BA00 /* Info.plist */ = {isa = PBXFileReference; lastKnownFileType = text.plist.xml; path = Info.plist; sourceTree = "<group>"; };
		9FAFB3351B87CB9800C6BA00 /* main.m */ = {isa = PBXFileReference; lastKnownFileType = sourcecode.c.objc; path = main.m; sourceTree = "<group>"; };
		9FAFB3371B87CB9800C6BA00 /* AppDelegate.h */ = {isa = PBXFileReference; lastKnownFileType = sourcecode.c.h; path = AppDelegate.h; sourceTree = "<group>"; };
		9FAFB3381B87CB9800C6BA00 /* AppDelegate.m */ = {isa = PBXFileReference; lastKnownFileType = sourcecode.c.objc; path = AppDelegate.m; sourceTree = "<group>"; };
		9FAFB33B1B87CB9800C6BA00 /* iTuner.xcdatamodel */ = {isa = PBXFileReference; lastKnownFileType = wrapper.xcdatamodel; path = iTuner.xcdatamodel; sourceTree = "<group>"; };
		9FAFB3411B87CB9800C6BA00 /* Base */ = {isa = PBXFileReference; lastKnownFileType = file.storyboard; name = Base; path = Base.lproj/Main.storyboard; sourceTree = "<group>"; };
		9FAFB3431B87CB9900C6BA00 /* Images.xcassets */ = {isa = PBXFileReference; lastKnownFileType = folder.assetcatalog; path = Images.xcassets; sourceTree = "<group>"; };
		9FAFB3461B87CB9900C6BA00 /* Base */ = {isa = PBXFileReference; lastKnownFileType = file.xib; name = Base; path = Base.lproj/LaunchScreen.xib; sourceTree = "<group>"; };
		9FAFB34C1B87CB9900C6BA00 /* iTunerTests.xctest */ = {isa = PBXFileReference; explicitFileType = wrapper.cfbundle; includeInIndex = 0; path = iTunerTests.xctest; sourceTree = BUILT_PRODUCTS_DIR; };
		9FAFB3511B87CB9900C6BA00 /* Info.plist */ = {isa = PBXFileReference; lastKnownFileType = text.plist.xml; path = Info.plist; sourceTree = "<group>"; };
		9FAFB3521B87CB9900C6BA00 /* iTunerTests.m */ = {isa = PBXFileReference; lastKnownFileType = sourcecode.c.objc; path = iTunerTests.m; sourceTree = "<group>"; };
		9FAFB35D1B87CDBF00C6BA00 /* SongListTableViewController.h */ = {isa = PBXFileReference; fileEncoding = 4; lastKnownFileType = sourcecode.c.h; path = SongListTableViewController.h; sourceTree = "<group>"; };
		9FAFB35E1B87CDBF00C6BA00 /* SongListTableViewController.m */ = {isa = PBXFileReference; fileEncoding = 4; lastKnownFileType = sourcecode.c.objc; path = SongListTableViewController.m; sourceTree = "<group>"; };
		9FAFB3611B87D01200C6BA00 /* MusicDetailViewController.h */ = {isa = PBXFileReference; fileEncoding = 4; lastKnownFileType = sourcecode.c.h; path = MusicDetailViewController.h; sourceTree = "<group>"; };
		9FAFB3621B87D01200C6BA00 /* MusicDetailViewController.m */ = {isa = PBXFileReference; fileEncoding = 4; lastKnownFileType = sourcecode.c.objc; path = MusicDetailViewController.m; sourceTree = "<group>"; };
		9FAFB3681B87D9B000C6BA00 /* musicSearchViewController.h */ = {isa = PBXFileReference; fileEncoding = 4; lastKnownFileType = sourcecode.c.h; path = musicSearchViewController.h; sourceTree = "<group>"; };
		9FAFB3691B87D9B000C6BA00 /* musicSearchViewController.m */ = {isa = PBXFileReference; fileEncoding = 4; lastKnownFileType = sourcecode.c.objc; path = musicSearchViewController.m; sourceTree = "<group>"; };
/* End PBXFileReference section */

/* Begin PBXFrameworksBuildPhase section */
		9FAFB32D1B87CB9800C6BA00 /* Frameworks */ = {
			isa = PBXFrameworksBuildPhase;
			buildActionMask = 2147483647;
			files = (
			);
			runOnlyForDeploymentPostprocessing = 0;
		};
		9FAFB3491B87CB9900C6BA00 /* Frameworks */ = {
			isa = PBXFrameworksBuildPhase;
			buildActionMask = 2147483647;
			files = (
			);
			runOnlyForDeploymentPostprocessing = 0;
		};
/* End PBXFrameworksBuildPhase section */

/* Begin PBXGroup section */
		9FAFB3271B87CB9800C6BA00 = {
			isa = PBXGroup;
			children = (
				9FAFB3321B87CB9800C6BA00 /* iTuner */,
				9FAFB34F1B87CB9900C6BA00 /* iTunerTests */,
				9FAFB3311B87CB9800C6BA00 /* Products */,
			);
			sourceTree = "<group>";
		};
		9FAFB3311B87CB9800C6BA00 /* Products */ = {
			isa = PBXGroup;
			children = (
				9FAFB3301B87CB9800C6BA00 /* iTuner.app */,
				9FAFB34C1B87CB9900C6BA00 /* iTunerTests.xctest */,
			);
			name = Products;
			sourceTree = "<group>";
		};
		9FAFB3321B87CB9800C6BA00 /* iTuner */ = {
			isa = PBXGroup;
			children = (
				9FAFB35C1B87CBFA00C6BA00 /* Delegate Method */,
				9FAFB3601B87CDC500C6BA00 /* View Controllers */,
				9FAFB3401B87CB9800C6BA00 /* Main.storyboard */,
				9FAFB3431B87CB9900C6BA00 /* Images.xcassets */,
				9FAFB3451B87CB9900C6BA00 /* LaunchScreen.xib */,
				9FAFB33A1B87CB9800C6BA00 /* iTuner.xcdatamodeld */,
				9FAFB3331B87CB9800C6BA00 /* Supporting Files */,
			);
			path = iTuner;
			sourceTree = "<group>";
		};
		9FAFB3331B87CB9800C6BA00 /* Supporting Files */ = {
			isa = PBXGroup;
			children = (
				9FAFB3341B87CB9800C6BA00 /* Info.plist */,
				9FAFB3351B87CB9800C6BA00 /* main.m */,
			);
			name = "Supporting Files";
			sourceTree = "<group>";
		};
		9FAFB34F1B87CB9900C6BA00 /* iTunerTests */ = {
			isa = PBXGroup;
			children = (
				9FAFB3521B87CB9900C6BA00 /* iTunerTests.m */,
				9FAFB3501B87CB9900C6BA00 /* Supporting Files */,
			);
			path = iTunerTests;
			sourceTree = "<group>";
		};
		9FAFB3501B87CB9900C6BA00 /* Supporting Files */ = {
			isa = PBXGroup;
			children = (
				9FAFB3511B87CB9900C6BA00 /* Info.plist */,
			);
			name = "Supporting Files";
			sourceTree = "<group>";
		};
		9FAFB35C1B87CBFA00C6BA00 /* Delegate Method */ = {
			isa = PBXGroup;
			children = (
				9FAFB3371B87CB9800C6BA00 /* AppDelegate.h */,
				9FAFB3381B87CB9800C6BA00 /* AppDelegate.m */,
			);
			name = "Delegate Method";
			sourceTree = "<group>";
		};
		9FAFB3601B87CDC500C6BA00 /* View Controllers */ = {
			isa = PBXGroup;
			children = (
				9FAFB3681B87D9B000C6BA00 /* musicSearchViewController.h */,
				9FAFB3691B87D9B000C6BA00 /* musicSearchViewController.m */,
				9FAFB35D1B87CDBF00C6BA00 /* SongListTableViewController.h */,
				9FAFB35E1B87CDBF00C6BA00 /* SongListTableViewController.m */,
				9FAFB3611B87D01200C6BA00 /* MusicDetailViewController.h */,
				9FAFB3621B87D01200C6BA00 /* MusicDetailViewController.m */,
			);
			name = "View Controllers";
			sourceTree = "<group>";
		};
/* End PBXGroup section */

/* Begin PBXNativeTarget section */
		9FAFB32F1B87CB9800C6BA00 /* iTuner */ = {
			isa = PBXNativeTarget;
			buildConfigurationList = 9FAFB3561B87CB9900C6BA00 /* Build configuration list for PBXNativeTarget "iTuner" */;
			buildPhases = (
				9FAFB32C1B87CB9800C6BA00 /* Sources */,
				9FAFB32D1B87CB9800C6BA00 /* Frameworks */,
				9FAFB32E1B87CB9800C6BA00 /* Resources */,
			);
			buildRules = (
			);
			dependencies = (
			);
			name = iTuner;
			productName = iTuner;
			productReference = 9FAFB3301B87CB9800C6BA00 /* iTuner.app */;
			productType = "com.apple.product-type.application";
		};
		9FAFB34B1B87CB9900C6BA00 /* iTunerTests */ = {
			isa = PBXNativeTarget;
			buildConfigurationList = 9FAFB3591B87CB9900C6BA00 /* Build configuration list for PBXNativeTarget "iTunerTests" */;
			buildPhases = (
				9FAFB3481B87CB9900C6BA00 /* Sources */,
				9FAFB3491B87CB9900C6BA00 /* Frameworks */,
				9FAFB34A1B87CB9900C6BA00 /* Resources */,
			);
			buildRules = (
			);
			dependencies = (
				9FAFB34E1B87CB9900C6BA00 /* PBXTargetDependency */,
			);
			name = iTunerTests;
			productName = iTunerTests;
			productReference = 9FAFB34C1B87CB9900C6BA00 /* iTunerTests.xctest */;
			productType = "com.apple.product-type.bundle.unit-test";
		};
/* End PBXNativeTarget section */

/* Begin PBXProject section */
		9FAFB3281B87CB9800C6BA00 /* Project object */ = {
			isa = PBXProject;
			attributes = {
				LastUpgradeCheck = 0640;
				ORGANIZATIONNAME = "Jon Smith";
				TargetAttributes = {
					9FAFB32F1B87CB9800C6BA00 = {
						CreatedOnToolsVersion = 6.4;
					};
					9FAFB34B1B87CB9900C6BA00 = {
						CreatedOnToolsVersion = 6.4;
						TestTargetID = 9FAFB32F1B87CB9800C6BA00;
					};
				};
			};
			buildConfigurationList = 9FAFB32B1B87CB9800C6BA00 /* Build configuration list for PBXProject "iTuner" */;
			compatibilityVersion = "Xcode 3.2";
			developmentRegion = English;
			hasScannedForEncodings = 0;
			knownRegions = (
				en,
				Base,
			);
			mainGroup = 9FAFB3271B87CB9800C6BA00;
			productRefGroup = 9FAFB3311B87CB9800C6BA00 /* Products */;
			projectDirPath = "";
			projectRoot = "";
			targets = (
				9FAFB32F1B87CB9800C6BA00 /* iTuner */,
				9FAFB34B1B87CB9900C6BA00 /* iTunerTests */,
			);
		};
/* End PBXProject section */

/* Begin PBXResourcesBuildPhase section */
		9FAFB32E1B87CB9800C6BA00 /* Resources */ = {
			isa = PBXResourcesBuildPhase;
			buildActionMask = 2147483647;
			files = (
				9FAFB3421B87CB9800C6BA00 /* Main.storyboard in Resources */,
				9FAFB3471B87CB9900C6BA00 /* LaunchScreen.xib in Resources */,
				9FAFB3441B87CB9900C6BA00 /* Images.xcassets in Resources */,
			);
			runOnlyForDeploymentPostprocessing = 0;
		};
		9FAFB34A1B87CB9900C6BA00 /* Resources */ = {
			isa = PBXResourcesBuildPhase;
			buildActionMask = 2147483647;
			files = (
			);
			runOnlyForDeploymentPostprocessing = 0;
		};
/* End PBXResourcesBuildPhase section */

/* Begin PBXSourcesBuildPhase section */
		9FAFB32C1B87CB9800C6BA00 /* Sources */ = {
			isa = PBXSourcesBuildPhase;
			buildActionMask = 2147483647;
			files = (
				9FAFB3631B87D01200C6BA00 /* MusicDetailViewController.m in Sources */,
				9FAFB36A1B87D9B000C6BA00 /* musicSearchViewController.m in Sources */,
				9FAFB33C1B87CB9800C6BA00 /* iTuner.xcdatamodeld in Sources */,
				9FAFB3391B87CB9800C6BA00 /* AppDelegate.m in Sources */,
				9FAFB35F1B87CDBF00C6BA00 /* SongListTableViewController.m in Sources */,
				9FAFB3361B87CB9800C6BA00 /* main.m in Sources */,
			);
			runOnlyForDeploymentPostprocessing = 0;
		};
		9FAFB3481B87CB9900C6BA00 /* Sources */ = {
			isa = PBXSourcesBuildPhase;
			buildActionMask = 2147483647;
			files = (
				9FAFB3531B87CB9900C6BA00 /* iTunerTests.m in Sources */,
			);
			runOnlyForDeploymentPostprocessing = 0;
		};
/* End PBXSourcesBuildPhase section */

/* Begin PBXTargetDependency section */
		9FAFB34E1B87CB9900C6BA00 /* PBXTargetDependency */ = {
			isa = PBXTargetDependency;
			target = 9FAFB32F1B87CB9800C6BA00 /* iTuner */;
			targetProxy = 9FAFB34D1B87CB9900C6BA00 /* PBXContainerItemProxy */;
		};
/* End PBXTargetDependency section */

/* Begin PBXVariantGroup section */
		9FAFB3401B87CB9800C6BA00 /* Main.storyboard */ = {
			isa = PBXVariantGroup;
			children = (
				9FAFB3411B87CB9800C6BA00 /* Base */,
			);
			name = Main.storyboard;
			sourceTree = "<group>";
		};
		9FAFB3451B87CB9900C6BA00 /* LaunchScreen.xib */ = {
			isa = PBXVariantGroup;
			children = (
				9FAFB3461B87CB9900C6BA00 /* Base */,
			);
			name = LaunchScreen.xib;
			sourceTree = "<group>";
		};
/* End PBXVariantGroup section */

/* Begin XCBuildConfiguration section */
		9FAFB3541B87CB9900C6BA00 /* Debug */ = {
			isa = XCBuildConfiguration;
			buildSettings = {
				ALWAYS_SEARCH_USER_PATHS = NO;
				CLANG_CXX_LANGUAGE_STANDARD = "gnu++0x";
				CLANG_CXX_LIBRARY = "libc++";
				CLANG_ENABLE_MODULES = YES;
				CLANG_ENABLE_OBJC_ARC = YES;
				CLANG_WARN_BOOL_CONVERSION = YES;
				CLANG_WARN_CONSTANT_CONVERSION = YES;
				CLANG_WARN_DIRECT_OBJC_ISA_USAGE = YES_ERROR;
				CLANG_WARN_EMPTY_BODY = YES;
				CLANG_WARN_ENUM_CONVERSION = YES;
				CLANG_WARN_INT_CONVERSION = YES;
				CLANG_WARN_OBJC_ROOT_CLASS = YES_ERROR;
				CLANG_WARN_UNREACHABLE_CODE = YES;
				CLANG_WARN__DUPLICATE_METHOD_MATCH = YES;
				"CODE_SIGN_IDENTITY[sdk=iphoneos*]" = "iPhone Developer";
				COPY_PHASE_STRIP = NO;
				DEBUG_INFORMATION_FORMAT = "dwarf-with-dsym";
				ENABLE_STRICT_OBJC_MSGSEND = YES;
				GCC_C_LANGUAGE_STANDARD = gnu99;
				GCC_DYNAMIC_NO_PIC = NO;
				GCC_NO_COMMON_BLOCKS = YES;
				GCC_OPTIMIZATION_LEVEL = 0;
				GCC_PREPROCESSOR_DEFINITIONS = (
					"DEBUG=1",
					"$(inherited)",
				);
				GCC_SYMBOLS_PRIVATE_EXTERN = NO;
				GCC_WARN_64_TO_32_BIT_CONVERSION = YES;
				GCC_WARN_ABOUT_RETURN_TYPE = YES_ERROR;
				GCC_WARN_UNDECLARED_SELECTOR = YES;
				GCC_WARN_UNINITIALIZED_AUTOS = YES_AGGRESSIVE;
				GCC_WARN_UNUSED_FUNCTION = YES;
				GCC_WARN_UNUSED_VARIABLE = YES;
				IPHONEOS_DEPLOYMENT_TARGET = 8.4;
				MTL_ENABLE_DEBUG_INFO = YES;
				ONLY_ACTIVE_ARCH = YES;
				SDKROOT = iphoneos;
				TARGETED_DEVICE_FAMILY = "1,2";
			};
			name = Debug;
		};
		9FAFB3551B87CB9900C6BA00 /* Release */ = {
			isa = XCBuildConfiguration;
			buildSettings = {
				ALWAYS_SEARCH_USER_PATHS = NO;
				CLANG_CXX_LANGUAGE_STANDARD = "gnu++0x";
				CLANG_CXX_LIBRARY = "libc++";
				CLANG_ENABLE_MODULES = YES;
				CLANG_ENABLE_OBJC_ARC = YES;
				CLANG_WARN_BOOL_CONVERSION = YES;
				CLANG_WARN_CONSTANT_CONVERSION = YES;
				CLANG_WARN_DIRECT_OBJC_ISA_USAGE = YES_ERROR;
				CLANG_WARN_EMPTY_BODY = YES;
				CLANG_WARN_ENUM_CONVERSION = YES;
				CLANG_WARN_INT_CONVERSION = YES;
				CLANG_WARN_OBJC_ROOT_CLASS = YES_ERROR;
				CLANG_WARN_UNREACHABLE_CODE = YES;
				CLANG_WARN__DUPLICATE_METHOD_MATCH = YES;
				"CODE_SIGN_IDENTITY[sdk=iphoneos*]" = "iPhone Developer";
				COPY_PHASE_STRIP = NO;
				DEBUG_INFORMATION_FORMAT = "dwarf-with-dsym";
				ENABLE_NS_ASSERTIONS = NO;
				ENABLE_STRICT_OBJC_MSGSEND = YES;
				GCC_C_LANGUAGE_STANDARD = gnu99;
				GCC_NO_COMMON_BLOCKS = YES;
				GCC_WARN_64_TO_32_BIT_CONVERSION = YES;
				GCC_WARN_ABOUT_RETURN_TYPE = YES_ERROR;
				GCC_WARN_UNDECLARED_SELECTOR = YES;
				GCC_WARN_UNINITIALIZED_AUTOS = YES_AGGRESSIVE;
				GCC_WARN_UNUSED_FUNCTION = YES;
				GCC_WARN_UNUSED_VARIABLE = YES;
				IPHONEOS_DEPLOYMENT_TARGET = 8.4;
				MTL_ENABLE_DEBUG_INFO = NO;
				SDKROOT = iphoneos;
				TARGETED_DEVICE_FAMILY = "1,2";
				VALIDATE_PRODUCT = YES;
			};
			name = Release;
		};
		9FAFB3571B87CB9900C6BA00 /* Debug */ = {
			isa = XCBuildConfiguration;
			buildSettings = {
				ASSETCATALOG_COMPILER_APPICON_NAME = AppIcon;
				INFOPLIST_FILE = iTuner/Info.plist;
				LD_RUNPATH_SEARCH_PATHS = "$(inherited) @executable_path/Frameworks";
				PRODUCT_NAME = "$(TARGET_NAME)";
			};
			name = Debug;
		};
		9FAFB3581B87CB9900C6BA00 /* Release */ = {
			isa = XCBuildConfiguration;
			buildSettings = {
				ASSETCATALOG_COMPILER_APPICON_NAME = AppIcon;
				INFOPLIST_FILE = iTuner/Info.plist;
				LD_RUNPATH_SEARCH_PATHS = "$(inherited) @executable_path/Frameworks";
				PRODUCT_NAME = "$(TARGET_NAME)";
			};
			name = Release;
		};
		9FAFB35A1B87CB9900C6BA00 /* Debug */ = {
			isa = XCBuildConfiguration;
			buildSettings = {
				BUNDLE_LOADER = "$(TEST_HOST)";
				FRAMEWORK_SEARCH_PATHS = (
					"$(SDKROOT)/Developer/Library/Frameworks",
					"$(inherited)",
				);
				GCC_PREPROCESSOR_DEFINITIONS = (
					"DEBUG=1",
					"$(inherited)",
				);
				INFOPLIST_FILE = iTunerTests/Info.plist;
				LD_RUNPATH_SEARCH_PATHS = "$(inherited) @executable_path/Frameworks @loader_path/Frameworks";
				PRODUCT_NAME = "$(TARGET_NAME)";
				TEST_HOST = "$(BUILT_PRODUCTS_DIR)/iTuner.app/iTuner";
			};
			name = Debug;
		};
		9FAFB35B1B87CB9900C6BA00 /* Release */ = {
			isa = XCBuildConfiguration;
			buildSettings = {
				BUNDLE_LOADER = "$(TEST_HOST)";
				FRAMEWORK_SEARCH_PATHS = (
					"$(SDKROOT)/Developer/Library/Frameworks",
					"$(inherited)",
				);
				INFOPLIST_FILE = iTunerTests/Info.plist;
				LD_RUNPATH_SEARCH_PATHS = "$(inherited) @executable_path/Frameworks @loader_path/Frameworks";
				PRODUCT_NAME = "$(TARGET_NAME)";
				TEST_HOST = "$(BUILT_PRODUCTS_DIR)/iTuner.app/iTuner";
			};
			name = Release;
		};
/* End XCBuildConfiguration section */

/* Begin XCConfigurationList section */
		9FAFB32B1B87CB9800C6BA00 /* Build configuration list for PBXProject "iTuner" */ = {
			isa = XCConfigurationList;
			buildConfigurations = (
				9FAFB3541B87CB9900C6BA00 /* Debug */,
				9FAFB3551B87CB9900C6BA00 /* Release */,
			);
			defaultConfigurationIsVisible = 0;
			defaultConfigurationName = Release;
		};
		9FAFB3561B87CB9900C6BA00 /* Build configuration list for PBXNativeTarget "iTuner" */ = {
			isa = XCConfigurationList;
			buildConfigurations = (
				9FAFB3571B87CB9900C6BA00 /* Debug */,
				9FAFB3581B87CB9900C6BA00 /* Release */,
			);
			defaultConfigurationIsVisible = 0;
			defaultConfigurationName = Release;
		};
		9FAFB3591B87CB9900C6BA00 /* Build configuration list for PBXNativeTarget "iTunerTests" */ = {
			isa = XCConfigurationList;
			buildConfigurations = (
				9FAFB35A1B87CB9900C6BA00 /* Debug */,
				9FAFB35B1B87CB9900C6BA00 /* Release */,
			);
			defaultConfigurationIsVisible = 0;
			defaultConfigurationName = Release;
		};
/* End XCConfigurationList section */

/* Begin XCVersionGroup section */
		9FAFB33A1B87CB9800C6BA00 /* iTuner.xcdatamodeld */ = {
			isa = XCVersionGroup;
			children = (
				9FAFB33B1B87CB9800C6BA00 /* iTuner.xcdatamodel */,
			);
			currentVersion = 9FAFB33B1B87CB9800C6BA00 /* iTuner.xcdatamodel */;
			path = iTuner.xcdatamodeld;
			sourceTree = "<group>";
			versionGroupType = wrapper.xcdatamodel;
		};
/* End XCVersionGroup section */
	};
	rootObject = 9FAFB3281B87CB9800C6BA00 /* Project object */;
}
